// !$*UTF8*$!
{
	archiveVersion = 1;
	classes = {
	};
	objectVersion = 46;
	objects = {

/* Begin PBXBuildFile section */
		093C844D1CEED6AA00BF4F1F /* uexIAPManager.m in Sources */ = {isa = PBXBuildFile; fileRef = 093C844C1CEED6AA00BF4F1F /* uexIAPManager.m */; };
		094E19981C411582008AB12B /* EUExInAppPurchase.m in Sources */ = {isa = PBXBuildFile; fileRef = 094E19971C411582008AB12B /* EUExInAppPurchase.m */; };
/* End PBXBuildFile section */

/* Begin PBXCopyFilesBuildPhase section */
		094E19901C411582008AB12B /* CopyFiles */ = {
			isa = PBXCopyFilesBuildPhase;
			buildActionMask = 2147483647;
			dstPath = "";
			dstSubfolderSpec = 16;
			files = (
			);
			runOnlyForDeploymentPostprocessing = 0;
		};
/* End PBXCopyFilesBuildPhase section */

/* Begin PBXFileReference section */
		093C844B1CEED6A000BF4F1F /* uexIAPManager.h */ = {isa = PBXFileReference; fileEncoding = 4; lastKnownFileType = sourcecode.c.h; path = uexIAPManager.h; sourceTree = "<group>"; };
		093C844C1CEED6AA00BF4F1F /* uexIAPManager.m */ = {isa = PBXFileReference; fileEncoding = 4; lastKnownFileType = sourcecode.c.objc; path = uexIAPManager.m; sourceTree = "<group>"; };
		094B043D1C77139F00E283CA /* EUExBase.h */ = {isa = PBXFileReference; fileEncoding = 4; lastKnownFileType = sourcecode.c.h; path = EUExBase.h; sourceTree = "<group>"; };
		094B043E1C77139F00E283CA /* EUExBaseDefine.h */ = {isa = PBXFileReference; fileEncoding = 4; lastKnownFileType = sourcecode.c.h; path = EUExBaseDefine.h; sourceTree = "<group>"; };
		094B043F1C77139F00E283CA /* EUtility.h */ = {isa = PBXFileReference; fileEncoding = 4; lastKnownFileType = sourcecode.c.h; path = EUtility.h; sourceTree = "<group>"; };
		094E19921C411582008AB12B /* libuexInAppPurchase.a */ = {isa = PBXFileReference; explicitFileType = archive.ar; includeInIndex = 0; path = libuexInAppPurchase.a; sourceTree = BUILT_PRODUCTS_DIR; };
		094E19951C411582008AB12B /* EUExInAppPurchase.h */ = {isa = PBXFileReference; lastKnownFileType = sourcecode.c.h; path = EUExInAppPurchase.h; sourceTree = "<group>"; };
		094E19971C411582008AB12B /* EUExInAppPurchase.m */ = {isa = PBXFileReference; lastKnownFileType = sourcecode.c.objc; path = EUExInAppPurchase.m; sourceTree = "<group>"; };
		094E19AD1C411738008AB12B /* JSON.h */ = {isa = PBXFileReference; fileEncoding = 4; lastKnownFileType = sourcecode.c.h; path = JSON.h; sourceTree = "<group>"; };
		094E19AE1C411738008AB12B /* JSONParser.h */ = {isa = PBXFileReference; fileEncoding = 4; lastKnownFileType = sourcecode.c.h; path = JSONParser.h; sourceTree = "<group>"; };
		094E19AF1C411738008AB12B /* MD5Digest.h */ = {isa = PBXFileReference; fileEncoding = 4; lastKnownFileType = sourcecode.c.h; path = MD5Digest.h; sourceTree = "<group>"; };
		094E19B01C411738008AB12B /* NSObject+SBJSON.h */ = {isa = PBXFileReference; fileEncoding = 4; lastKnownFileType = sourcecode.c.h; path = "NSObject+SBJSON.h"; sourceTree = "<group>"; };
		094E19B11C411738008AB12B /* NSString+SBJSON.h */ = {isa = PBXFileReference; fileEncoding = 4; lastKnownFileType = sourcecode.c.h; path = "NSString+SBJSON.h"; sourceTree = "<group>"; };
		094E19B21C411738008AB12B /* SBJSON.h */ = {isa = PBXFileReference; fileEncoding = 4; lastKnownFileType = sourcecode.c.h; path = SBJSON.h; sourceTree = "<group>"; };
		094E19B31C411738008AB12B /* SBJsonBase.h */ = {isa = PBXFileReference; fileEncoding = 4; lastKnownFileType = sourcecode.c.h; path = SBJsonBase.h; sourceTree = "<group>"; };
		094E19B41C411738008AB12B /* SBJsonParser.h */ = {isa = PBXFileReference; fileEncoding = 4; lastKnownFileType = sourcecode.c.h; path = SBJsonParser.h; sourceTree = "<group>"; };
		094E19B51C411738008AB12B /* SBJsonWriter.h */ = {isa = PBXFileReference; fileEncoding = 4; lastKnownFileType = sourcecode.c.h; path = SBJsonWriter.h; sourceTree = "<group>"; };
/* End PBXFileReference section */

/* Begin PBXFrameworksBuildPhase section */
		094E198F1C411582008AB12B /* Frameworks */ = {
			isa = PBXFrameworksBuildPhase;
			buildActionMask = 2147483647;
			files = (
			);
			runOnlyForDeploymentPostprocessing = 0;
		};
/* End PBXFrameworksBuildPhase section */

/* Begin PBXGroup section */
		094B043C1C77139F00E283CA /* engineHeader */ = {
			isa = PBXGroup;
			children = (
				094B043D1C77139F00E283CA /* EUExBase.h */,
				094B043E1C77139F00E283CA /* EUExBaseDefine.h */,
				094B043F1C77139F00E283CA /* EUtility.h */,
			);
			name = engineHeader;
			path = EUExInAppPurchase/engineHeader;
			sourceTree = "<group>";
		};
		094E19891C411582008AB12B = {
			isa = PBXGroup;
			children = (
				094B043C1C77139F00E283CA /* engineHeader */,
				094E19941C411582008AB12B /* EUExInAppPurchase */,
				094E19AB1C411708008AB12B /* sourceCode */,
				094E19931C411582008AB12B /* Products */,
			);
			sourceTree = "<group>";
		};
		094E19931C411582008AB12B /* Products */ = {
			isa = PBXGroup;
			children = (
				094E19921C411582008AB12B /* libuexInAppPurchase.a */,
			);
			name = Products;
			sourceTree = "<group>";
		};
		094E19941C411582008AB12B /* EUExInAppPurchase */ = {
			isa = PBXGroup;
			children = (
				094E19951C411582008AB12B /* EUExInAppPurchase.h */,
				094E19971C411582008AB12B /* EUExInAppPurchase.m */,
			);
			path = EUExInAppPurchase;
			sourceTree = "<group>";
		};
		094E19AB1C411708008AB12B /* sourceCode */ = {
			isa = PBXGroup;
			children = (
				093C844B1CEED6A000BF4F1F /* uexIAPManager.h */,
				093C844C1CEED6AA00BF4F1F /* uexIAPManager.m */,
				094E19AC1C411738008AB12B /* JSON */,
			);
			name = sourceCode;
			path = EUExInAppPurchase/sourceCode;
			sourceTree = "<group>";
		};
		094E19AC1C411738008AB12B /* JSON */ = {
			isa = PBXGroup;
			children = (
				094E19AD1C411738008AB12B /* JSON.h */,
				094E19AE1C411738008AB12B /* JSONParser.h */,
				094E19AF1C411738008AB12B /* MD5Digest.h */,
				094E19B01C411738008AB12B /* NSObject+SBJSON.h */,
				094E19B11C411738008AB12B /* NSString+SBJSON.h */,
				094E19B21C411738008AB12B /* SBJSON.h */,
				094E19B31C411738008AB12B /* SBJsonBase.h */,
				094E19B41C411738008AB12B /* SBJsonParser.h */,
				094E19B51C411738008AB12B /* SBJsonWriter.h */,
			);
			path = JSON;
			sourceTree = "<group>";
		};
/* End PBXGroup section */

/* Begin PBXNativeTarget section */
		094E19911C411582008AB12B /* EUExInAppPurchase */ = {
			isa = PBXNativeTarget;
			buildConfigurationList = 094E199B1C411582008AB12B /* Build configuration list for PBXNativeTarget "EUExInAppPurchase" */;
			buildPhases = (
				094E198E1C411582008AB12B /* Sources */,
				094E198F1C411582008AB12B /* Frameworks */,
				094E19901C411582008AB12B /* CopyFiles */,
			);
			buildRules = (
			);
			dependencies = (
			);
			name = EUExInAppPurchase;
			productName = EUExInAppPurchase;
			productReference = 094E19921C411582008AB12B /* libuexInAppPurchase.a */;
			productType = "com.apple.product-type.library.static";
		};
/* End PBXNativeTarget section */

/* Begin PBXProject section */
		094E198A1C411582008AB12B /* Project object */ = {
			isa = PBXProject;
			attributes = {
				LastUpgradeCheck = 0720;
				ORGANIZATIONNAME = "杨广";
				TargetAttributes = {
					094E19911C411582008AB12B = {
						CreatedOnToolsVersion = 7.2;
					};
				};
			};
			buildConfigurationList = 094E198D1C411582008AB12B /* Build configuration list for PBXProject "EUExInAppPurchase" */;
			compatibilityVersion = "Xcode 3.2";
			developmentRegion = English;
			hasScannedForEncodings = 0;
			knownRegions = (
				en,
			);
			mainGroup = 094E19891C411582008AB12B;
			productRefGroup = 094E19931C411582008AB12B /* Products */;
			projectDirPath = "";
			projectRoot = "";
			targets = (
				094E19911C411582008AB12B /* EUExInAppPurchase */,
			);
		};
/* End PBXProject section */

/* Begin PBXSourcesBuildPhase section */
		094E198E1C411582008AB12B /* Sources */ = {
			isa = PBXSourcesBuildPhase;
			buildActionMask = 2147483647;
			files = (
				094E19981C411582008AB12B /* EUExInAppPurchase.m in Sources */,
				093C844D1CEED6AA00BF4F1F /* uexIAPManager.m in Sources */,
			);
			runOnlyForDeploymentPostprocessing = 0;
		};
/* End PBXSourcesBuildPhase section */

/* Begin XCBuildConfiguration section */
		094E19991C411582008AB12B /* Debug */ = {
			isa = XCBuildConfiguration;
			buildSettings = {
				ALWAYS_SEARCH_USER_PATHS = NO;
				CLANG_CXX_LANGUAGE_STANDARD = "gnu++0x";
				CLANG_CXX_LIBRARY = "libc++";
				CLANG_ENABLE_MODULES = YES;
				CLANG_ENABLE_OBJC_ARC = YES;
				CLANG_WARN_BOOL_CONVERSION = YES;
				CLANG_WARN_CONSTANT_CONVERSION = YES;
				CLANG_WARN_DIRECT_OBJC_ISA_USAGE = YES_ERROR;
				CLANG_WARN_EMPTY_BODY = YES;
				CLANG_WARN_ENUM_CONVERSION = YES;
				CLANG_WARN_INT_CONVERSION = YES;
				CLANG_WARN_OBJC_ROOT_CLASS = YES_ERROR;
				CLANG_WARN_UNREACHABLE_CODE = YES;
				CLANG_WARN__DUPLICATE_METHOD_MATCH = YES;
				"CODE_SIGN_IDENTITY[sdk=iphoneos*]" = "iPhone Developer";
				COPY_PHASE_STRIP = NO;
				DEBUG_INFORMATION_FORMAT = dwarf;
				ENABLE_STRICT_OBJC_MSGSEND = YES;
				ENABLE_TESTABILITY = YES;
				GCC_C_LANGUAGE_STANDARD = gnu99;
				GCC_DYNAMIC_NO_PIC = NO;
				GCC_NO_COMMON_BLOCKS = YES;
				GCC_OPTIMIZATION_LEVEL = 0;
				GCC_PREPROCESSOR_DEFINITIONS = (
					"DEBUG=1",
					"$(inherited)",
				);
				GCC_WARN_64_TO_32_BIT_CONVERSION = YES;
				GCC_WARN_ABOUT_RETURN_TYPE = YES_ERROR;
				GCC_WARN_UNDECLARED_SELECTOR = YES;
				GCC_WARN_UNINITIALIZED_AUTOS = YES_AGGRESSIVE;
				GCC_WARN_UNUSED_FUNCTION = YES;
				GCC_WARN_UNUSED_VARIABLE = YES;
				IPHONEOS_DEPLOYMENT_TARGET = 9.2;
				MTL_ENABLE_DEBUG_INFO = YES;
				ONLY_ACTIVE_ARCH = YES;
				SDKROOT = iphoneos;
			};
			name = Debug;
		};
		094E199A1C411582008AB12B /* Release */ = {
			isa = XCBuildConfiguration;
			buildSettings = {
				ALWAYS_SEARCH_USER_PATHS = NO;
				CLANG_CXX_LANGUAGE_STANDARD = "gnu++0x";
				CLANG_CXX_LIBRARY = "libc++";
				CLANG_ENABLE_MODULES = YES;
				CLANG_ENABLE_OBJC_ARC = YES;
				CLANG_WARN_BOOL_CONVERSION = YES;
				CLANG_WARN_CONSTANT_CONVERSION = YES;
				CLANG_WARN_DIRECT_OBJC_ISA_USAGE = YES_ERROR;
				CLANG_WARN_EMPTY_BODY = YES;
				CLANG_WARN_ENUM_CONVERSION = YES;
				CLANG_WARN_INT_CONVERSION = YES;
				CLANG_WARN_OBJC_ROOT_CLASS = YES_ERROR;
				CLANG_WARN_UNREACHABLE_CODE = YES;
				CLANG_WARN__DUPLICATE_METHOD_MATCH = YES;
				"CODE_SIGN_IDENTITY[sdk=iphoneos*]" = "iPhone Developer";
				COPY_PHASE_STRIP = NO;
				DEBUG_INFORMATION_FORMAT = "dwarf-with-dsym";
				ENABLE_NS_ASSERTIONS = NO;
				ENABLE_STRICT_OBJC_MSGSEND = YES;
				GCC_C_LANGUAGE_STANDARD = gnu99;
				GCC_NO_COMMON_BLOCKS = YES;
				GCC_WARN_64_TO_32_BIT_CONVERSION = YES;
				GCC_WARN_ABOUT_RETURN_TYPE = YES_ERROR;
				GCC_WARN_UNDECLARED_SELECTOR = YES;
				GCC_WARN_UNINITIALIZED_AUTOS = YES_AGGRESSIVE;
				GCC_WARN_UNUSED_FUNCTION = YES;
				GCC_WARN_UNUSED_VARIABLE = YES;
				IPHONEOS_DEPLOYMENT_TARGET = 9.2;
				MTL_ENABLE_DEBUG_INFO = NO;
				SDKROOT = iphoneos;
				VALIDATE_PRODUCT = YES;
			};
			name = Release;
		};
		094E199C1C411582008AB12B /* Debug */ = {
			isa = XCBuildConfiguration;
			buildSettings = {
				CONFIGURATION_BUILD_DIR = $SRCROOT/uexInAppPurchase;
				OTHER_LDFLAGS = "-ObjC";
				PRODUCT_NAME = uexInAppPurchase;
				SKIP_INSTALL = YES;
			};
			name = Debug;
		};
		094E199D1C411582008AB12B /* Release */ = {
			isa = XCBuildConfiguration;
			buildSettings = {
				CONFIGURATION_BUILD_DIR = $SRCROOT/uexInAppPurchase;
				OTHER_LDFLAGS = "-ObjC";
				PRODUCT_NAME = uexInAppPurchase;
				SKIP_INSTALL = YES;
			};
			name = Release;
		};
/* End XCBuildConfiguration section */

/* Begin XCConfigurationList section */
		094E198D1C411582008AB12B /* Build configuration list for PBXProject "EUExInAppPurchase" */ = {
			isa = XCConfigurationList;
			buildConfigurations = (
				094E19991C411582008AB12B /* Debug */,
				094E199A1C411582008AB12B /* Release */,
			);
			defaultConfigurationIsVisible = 0;
			defaultConfigurationName = Release;
		};
		094E199B1C411582008AB12B /* Build configuration list for PBXNativeTarget "EUExInAppPurchase" */ = {
			isa = XCConfigurationList;
			buildConfigurations = (
				094E199C1C411582008AB12B /* Debug */,
				094E199D1C411582008AB12B /* Release */,
			);
			defaultConfigurationIsVisible = 0;
			defaultConfigurationName = Release;
		};
/* End XCConfigurationList section */
	};
	rootObject = 094E198A1C411582008AB12B /* Project object */;
}
